
Microsoft Visual Studio Solution File, Format Version 12.00
# Visual Studio Version 17
VisualStudioVersion = 17.1.32319.34
MinimumVisualStudioVersion = 10.0.40219.1
Project("{9A19103F-16F7-4668-BE54-9A1E7A4F7556}") = "P_One.API", "P_One_API\P_One.API.csproj", "{BE19FFC6-0C86-425C-B95D-5320493D8D1D}"
EndProject
Project("{9A19103F-16F7-4668-BE54-9A1E7A4F7556}") = "P_One.Database", "Database\P_One.Database.csproj", "{D7998BD7-F5AC-430F-9227-D1E35828D919}"
EndProject
Project("{9A19103F-16F7-4668-BE54-9A1E7A4F7556}") = "P_One.Logic", "Logic\P_One.Logic.csproj", "{312599BD-D395-4E87-9B74-2DEB89AF17D2}"
EndProject
Project("{FAE04EC0-301F-11D3-BF4B-00C04F79EFBC}") = "P_One.Tests", "P_One_Tests\P_One.Tests.csproj", "{60ED468A-AD63-40F8-A7F3-41CA6E7BCA0B}"
EndProject
Global
	GlobalSection(SolutionConfigurationPlatforms) = preSolution
		Debug|Any CPU = Debug|Any CPU
		Release|Any CPU = Release|Any CPU
	EndGlobalSection
	GlobalSection(ProjectConfigurationPlatforms) = postSolution
		{BE19FFC6-0C86-425C-B95D-5320493D8D1D}.Debug|Any CPU.ActiveCfg = Debug|Any CPU
		{BE19FFC6-0C86-425C-B95D-5320493D8D1D}.Debug|Any CPU.Build.0 = Debug|Any CPU
		{BE19FFC6-0C86-425C-B95D-5320493D8D1D}.Release|Any CPU.ActiveCfg = Release|Any CPU
		{BE19FFC6-0C86-425C-B95D-5320493D8D1D}.Release|Any CPU.Build.0 = Release|Any CPU
		{D7998BD7-F5AC-430F-9227-D1E35828D919}.Debug|Any CPU.ActiveCfg = Debug|Any CPU
		{D7998BD7-F5AC-430F-9227-D1E35828D919}.Debug|Any CPU.Build.0 = Debug|Any CPU
		{D7998BD7-F5AC-430F-9227-D1E35828D919}.Release|Any CPU.ActiveCfg = Release|Any CPU
		{D7998BD7-F5AC-430F-9227-D1E35828D919}.Release|Any CPU.Build.0 = Release|Any CPU
		{312599BD-D395-4E87-9B74-2DEB89AF17D2}.Debug|Any CPU.ActiveCfg = Debug|Any CPU
		{312599BD-D395-4E87-9B74-2DEB89AF17D2}.Debug|Any CPU.Build.0 = Debug|Any CPU
		{312599BD-D395-4E87-9B74-2DEB89AF17D2}.Release|Any CPU.ActiveCfg = Release|Any CPU
		{312599BD-D395-4E87-9B74-2DEB89AF17D2}.Release|Any CPU.Build.0 = Release|Any CPU
		{60ED468A-AD63-40F8-A7F3-41CA6E7BCA0B}.Debug|Any CPU.ActiveCfg = Debug|Any CPU
		{60ED468A-AD63-40F8-A7F3-41CA6E7BCA0B}.Debug|Any CPU.Build.0 = Debug|Any CPU
		{60ED468A-AD63-40F8-A7F3-41CA6E7BCA0B}.Release|Any CPU.ActiveCfg = Release|Any CPU
		{60ED468A-AD63-40F8-A7F3-41CA6E7BCA0B}.Release|Any CPU.Build.0 = Release|Any CPU
	EndGlobalSection
	GlobalSection(SolutionProperties) = preSolution
		HideSolutionNode = FALSE
	EndGlobalSection
	GlobalSection(ExtensibilityGlobals) = postSolution
		SolutionGuid = {443E7680-3C31-4CE6-9910-A955FEA68FA3}
	EndGlobalSection
EndGlobal
