
Microsoft Visual Studio Solution File, Format Version 12.00
# Visual Studio Version 17
VisualStudioVersion = 17.1.32407.343
MinimumVisualStudioVersion = 10.0.40219.1
Project("{FAE04EC0-301F-11D3-BF4B-00C04F79EFBC}") = "OlympicGames.App", "OlympicGames.App\OlympicGames.App.csproj", "{B3BE8B5B-2C94-4F97-989D-9B1AC521F89E}"
EndProject
Project("{FAE04EC0-301F-11D3-BF4B-00C04F79EFBC}") = "OlympicGames.UI", "OlympicGames.UI\OlympicGames.UI.csproj", "{0A67AB2F-3916-486F-B954-D428435DAC72}"
EndProject
Global
	GlobalSection(SolutionConfigurationPlatforms) = preSolution
		Debug|Any CPU = Debug|Any CPU
		Release|Any CPU = Release|Any CPU
	EndGlobalSection
	GlobalSection(ProjectConfigurationPlatforms) = postSolution
		{B3BE8B5B-2C94-4F97-989D-9B1AC521F89E}.Debug|Any CPU.ActiveCfg = Debug|Any CPU
		{B3BE8B5B-2C94-4F97-989D-9B1AC521F89E}.Debug|Any CPU.Build.0 = Debug|Any CPU
		{B3BE8B5B-2C94-4F97-989D-9B1AC521F89E}.Release|Any CPU.ActiveCfg = Release|Any CPU
		{B3BE8B5B-2C94-4F97-989D-9B1AC521F89E}.Release|Any CPU.Build.0 = Release|Any CPU
		{0A67AB2F-3916-486F-B954-D428435DAC72}.Debug|Any CPU.ActiveCfg = Debug|Any CPU
		{0A67AB2F-3916-486F-B954-D428435DAC72}.Debug|Any CPU.Build.0 = Debug|Any CPU
		{0A67AB2F-3916-486F-B954-D428435DAC72}.Release|Any CPU.ActiveCfg = Release|Any CPU
		{0A67AB2F-3916-486F-B954-D428435DAC72}.Release|Any CPU.Build.0 = Release|Any CPU
	EndGlobalSection
	GlobalSection(SolutionProperties) = preSolution
		HideSolutionNode = FALSE
	EndGlobalSection
	GlobalSection(ExtensibilityGlobals) = postSolution
		SolutionGuid = {3F39F1AD-15C1-43CB-AD36-13A5428AC0D0}
	EndGlobalSection
EndGlobal
