
Microsoft Visual Studio Solution File, Format Version 12.00
# Visual Studio Version 16
VisualStudioVersion = 25.0.1700.0
MinimumVisualStudioVersion = 10.0.40219.1
Project("{FAE04EC0-301F-11D3-BF4B-00C04F79EFBC}") = "MuseumClient", "MuseumClient\MuseumClient.csproj", "{2CDFC02A-DCC9-4738-B6BC-C2A2D465D8D9}"
EndProject
Project("{FAE04EC0-301F-11D3-BF4B-00C04F79EFBC}") = "Museum.Logic", "Museum.Logic\Museum.Logic.csproj", "{A1CA0EDA-345E-47BF-A411-B61393E19235}"
EndProject
Global
	GlobalSection(SolutionConfigurationPlatforms) = preSolution
		Debug|Any CPU = Debug|Any CPU
		Release|Any CPU = Release|Any CPU
	EndGlobalSection
	GlobalSection(ProjectConfigurationPlatforms) = postSolution
		{2CDFC02A-DCC9-4738-B6BC-C2A2D465D8D9}.Debug|Any CPU.ActiveCfg = Debug|Any CPU
		{2CDFC02A-DCC9-4738-B6BC-C2A2D465D8D9}.Debug|Any CPU.Build.0 = Debug|Any CPU
		{2CDFC02A-DCC9-4738-B6BC-C2A2D465D8D9}.Release|Any CPU.ActiveCfg = Release|Any CPU
		{2CDFC02A-DCC9-4738-B6BC-C2A2D465D8D9}.Release|Any CPU.Build.0 = Release|Any CPU
		{A1CA0EDA-345E-47BF-A411-B61393E19235}.Debug|Any CPU.ActiveCfg = Debug|Any CPU
		{A1CA0EDA-345E-47BF-A411-B61393E19235}.Debug|Any CPU.Build.0 = Debug|Any CPU
		{A1CA0EDA-345E-47BF-A411-B61393E19235}.Release|Any CPU.ActiveCfg = Release|Any CPU
		{A1CA0EDA-345E-47BF-A411-B61393E19235}.Release|Any CPU.Build.0 = Release|Any CPU
	EndGlobalSection
	GlobalSection(SolutionProperties) = preSolution
		HideSolutionNode = FALSE
	EndGlobalSection
	GlobalSection(ExtensibilityGlobals) = postSolution
		SolutionGuid = {8D0F57A3-98D5-4143-9BE9-B546673668C2}
	EndGlobalSection
EndGlobal
