
Microsoft Visual Studio Solution File, Format Version 12.00
# Visual Studio Version 17
VisualStudioVersion = 17.1.32328.378
MinimumVisualStudioVersion = 10.0.40219.1
Project("{FAE04EC0-301F-11D3-BF4B-00C04F79EFBC}") = "BettaFishApp.Api", "BettaFishApp.Api\BettaFishApp.Api.csproj", "{68692100-DA45-4F50-B1A4-A55B85BBEE01}"
EndProject
Project("{FAE04EC0-301F-11D3-BF4B-00C04F79EFBC}") = "BettaFishApp.InformationLogic", "BettaFishApp.InformationLogic\BettaFishApp.InformationLogic.csproj", "{228F01F2-EE3A-4FC7-8E12-BCC6AFB5A020}"
EndProject
Project("{FAE04EC0-301F-11D3-BF4B-00C04F79EFBC}") = "BettaFishApp.DataLogic", "BettaFishApp.DataLogic\BettaFishApp.DataLogic.csproj", "{A4A3B03E-320F-4F31-BB5E-90ECA588EEF1}"
EndProject
Global
	GlobalSection(SolutionConfigurationPlatforms) = preSolution
		Debug|Any CPU = Debug|Any CPU
		Release|Any CPU = Release|Any CPU
	EndGlobalSection
	GlobalSection(ProjectConfigurationPlatforms) = postSolution
		{68692100-DA45-4F50-B1A4-A55B85BBEE01}.Debug|Any CPU.ActiveCfg = Debug|Any CPU
		{68692100-DA45-4F50-B1A4-A55B85BBEE01}.Debug|Any CPU.Build.0 = Debug|Any CPU
		{68692100-DA45-4F50-B1A4-A55B85BBEE01}.Release|Any CPU.ActiveCfg = Release|Any CPU
		{68692100-DA45-4F50-B1A4-A55B85BBEE01}.Release|Any CPU.Build.0 = Release|Any CPU
		{228F01F2-EE3A-4FC7-8E12-BCC6AFB5A020}.Debug|Any CPU.ActiveCfg = Debug|Any CPU
		{228F01F2-EE3A-4FC7-8E12-BCC6AFB5A020}.Debug|Any CPU.Build.0 = Debug|Any CPU
		{228F01F2-EE3A-4FC7-8E12-BCC6AFB5A020}.Release|Any CPU.ActiveCfg = Release|Any CPU
		{228F01F2-EE3A-4FC7-8E12-BCC6AFB5A020}.Release|Any CPU.Build.0 = Release|Any CPU
		{A4A3B03E-320F-4F31-BB5E-90ECA588EEF1}.Debug|Any CPU.ActiveCfg = Debug|Any CPU
		{A4A3B03E-320F-4F31-BB5E-90ECA588EEF1}.Debug|Any CPU.Build.0 = Debug|Any CPU
		{A4A3B03E-320F-4F31-BB5E-90ECA588EEF1}.Release|Any CPU.ActiveCfg = Release|Any CPU
		{A4A3B03E-320F-4F31-BB5E-90ECA588EEF1}.Release|Any CPU.Build.0 = Release|Any CPU
	EndGlobalSection
	GlobalSection(SolutionProperties) = preSolution
		HideSolutionNode = FALSE
	EndGlobalSection
	GlobalSection(ExtensibilityGlobals) = postSolution
		SolutionGuid = {5C793E11-F0E4-488B-99D4-F1F4B5D4CDC8}
	EndGlobalSection
EndGlobal
