
Microsoft Visual Studio Solution File, Format Version 12.00
# Visual Studio Version 17
VisualStudioVersion = 17.1.32328.378
MinimumVisualStudioVersion = 10.0.40219.1
Project("{FAE04EC0-301F-11D3-BF4B-00C04F79EFBC}") = "StoreApplication.ConsoleApp", "StoreApplication.ConsoleApp\StoreApplication.ConsoleApp.csproj", "{2A76466B-AC57-4E35-ABFD-AD50872C23EB}"
EndProject
Project("{FAE04EC0-301F-11D3-BF4B-00C04F79EFBC}") = "StoreApplicationApp.UI", "StoreApplicationApp.UI\StoreApplicationApp.UI.csproj", "{CEA24067-7E78-4C9A-B600-9BC76BBC86B1}"
EndProject
Global
	GlobalSection(SolutionConfigurationPlatforms) = preSolution
		Debug|Any CPU = Debug|Any CPU
		Release|Any CPU = Release|Any CPU
	EndGlobalSection
	GlobalSection(ProjectConfigurationPlatforms) = postSolution
		{2A76466B-AC57-4E35-ABFD-AD50872C23EB}.Debug|Any CPU.ActiveCfg = Debug|Any CPU
		{2A76466B-AC57-4E35-ABFD-AD50872C23EB}.Debug|Any CPU.Build.0 = Debug|Any CPU
		{2A76466B-AC57-4E35-ABFD-AD50872C23EB}.Release|Any CPU.ActiveCfg = Release|Any CPU
		{2A76466B-AC57-4E35-ABFD-AD50872C23EB}.Release|Any CPU.Build.0 = Release|Any CPU
		{CEA24067-7E78-4C9A-B600-9BC76BBC86B1}.Debug|Any CPU.ActiveCfg = Debug|Any CPU
		{CEA24067-7E78-4C9A-B600-9BC76BBC86B1}.Debug|Any CPU.Build.0 = Debug|Any CPU
		{CEA24067-7E78-4C9A-B600-9BC76BBC86B1}.Release|Any CPU.ActiveCfg = Release|Any CPU
		{CEA24067-7E78-4C9A-B600-9BC76BBC86B1}.Release|Any CPU.Build.0 = Release|Any CPU
	EndGlobalSection
	GlobalSection(SolutionProperties) = preSolution
		HideSolutionNode = FALSE
	EndGlobalSection
	GlobalSection(ExtensibilityGlobals) = postSolution
		SolutionGuid = {943C0A09-977B-4050-ABF1-4B91A1F54534}
	EndGlobalSection
EndGlobal
