
Microsoft Visual Studio Solution File, Format Version 12.00
# Visual Studio Version 16
VisualStudioVersion = 25.0.1700.0
MinimumVisualStudioVersion = 10.0.40219.1
Project("{FAE04EC0-301F-11D3-BF4B-00C04F79EFBC}") = "GamesApp.Api", "GamesApp.Api\GamesApp.Api.csproj", "{1D86E3FC-0EDF-44DD-A0B0-C18D1EFB5482}"
EndProject
Project("{FAE04EC0-301F-11D3-BF4B-00C04F79EFBC}") = "GamesApp.BusinessLogic", "GamesApp.BusinessLogic\GamesApp.BusinessLogic.csproj", "{A96E8B8C-1C88-4DE7-9481-233420D25591}"
EndProject
Project("{FAE04EC0-301F-11D3-BF4B-00C04F79EFBC}") = "GamesApp.DataLogic", "GamesApp.DataLogic\GamesApp.DataLogic.csproj", "{51A29BF4-10C6-4C19-8244-DE6893DBE601}"
EndProject
Global
	GlobalSection(SolutionConfigurationPlatforms) = preSolution
		Debug|Any CPU = Debug|Any CPU
		Release|Any CPU = Release|Any CPU
	EndGlobalSection
	GlobalSection(ProjectConfigurationPlatforms) = postSolution
		{1D86E3FC-0EDF-44DD-A0B0-C18D1EFB5482}.Debug|Any CPU.ActiveCfg = Debug|Any CPU
		{1D86E3FC-0EDF-44DD-A0B0-C18D1EFB5482}.Debug|Any CPU.Build.0 = Debug|Any CPU
		{1D86E3FC-0EDF-44DD-A0B0-C18D1EFB5482}.Release|Any CPU.ActiveCfg = Release|Any CPU
		{1D86E3FC-0EDF-44DD-A0B0-C18D1EFB5482}.Release|Any CPU.Build.0 = Release|Any CPU
		{A96E8B8C-1C88-4DE7-9481-233420D25591}.Debug|Any CPU.ActiveCfg = Debug|Any CPU
		{A96E8B8C-1C88-4DE7-9481-233420D25591}.Debug|Any CPU.Build.0 = Debug|Any CPU
		{A96E8B8C-1C88-4DE7-9481-233420D25591}.Release|Any CPU.ActiveCfg = Release|Any CPU
		{A96E8B8C-1C88-4DE7-9481-233420D25591}.Release|Any CPU.Build.0 = Release|Any CPU
		{51A29BF4-10C6-4C19-8244-DE6893DBE601}.Debug|Any CPU.ActiveCfg = Debug|Any CPU
		{51A29BF4-10C6-4C19-8244-DE6893DBE601}.Debug|Any CPU.Build.0 = Debug|Any CPU
		{51A29BF4-10C6-4C19-8244-DE6893DBE601}.Release|Any CPU.ActiveCfg = Release|Any CPU
		{51A29BF4-10C6-4C19-8244-DE6893DBE601}.Release|Any CPU.Build.0 = Release|Any CPU
	EndGlobalSection
	GlobalSection(SolutionProperties) = preSolution
		HideSolutionNode = FALSE
	EndGlobalSection
	GlobalSection(ExtensibilityGlobals) = postSolution
		SolutionGuid = {29E84A0F-319F-4091-913C-48E57E880A34}
	EndGlobalSection
EndGlobal
