
Microsoft Visual Studio Solution File, Format Version 12.00
# Visual Studio Version 17
VisualStudioVersion = 17.1.32328.378
MinimumVisualStudioVersion = 10.0.40219.1
Project("{9A19103F-16F7-4668-BE54-9A1E7A4F7556}") = "BettaFishAPI", "BettaFishAPI\BettaFishAPI.csproj", "{0175FC28-6536-4F05-AD64-60BFE970FAA3}"
EndProject
Project("{9A19103F-16F7-4668-BE54-9A1E7A4F7556}") = "BettaFishApi.Logic", "BettaFishApp.Logic\BettaFishApi.Logic.csproj", "{F4153D9F-9A90-42CA-A6F8-5067E407706F}"
EndProject
Project("{9A19103F-16F7-4668-BE54-9A1E7A4F7556}") = "BettaFishApi.DataLogic", "BettaFishApp.DataLogic\BettaFishApi.DataLogic.csproj", "{A418E951-E7AE-445A-A8B6-12C69A543DC2}"
EndProject
Project("{FAE04EC0-301F-11D3-BF4B-00C04F79EFBC}") = "BettaFishApi.Test", "BettaFishApi.Test\BettaFishApi.Test.csproj", "{5419FEDA-C149-4582-B901-C3FE96FBD912}"
EndProject
Global
	GlobalSection(SolutionConfigurationPlatforms) = preSolution
		Debug|Any CPU = Debug|Any CPU
		Release|Any CPU = Release|Any CPU
	EndGlobalSection
	GlobalSection(ProjectConfigurationPlatforms) = postSolution
		{0175FC28-6536-4F05-AD64-60BFE970FAA3}.Debug|Any CPU.ActiveCfg = Debug|Any CPU
		{0175FC28-6536-4F05-AD64-60BFE970FAA3}.Debug|Any CPU.Build.0 = Debug|Any CPU
		{0175FC28-6536-4F05-AD64-60BFE970FAA3}.Release|Any CPU.ActiveCfg = Release|Any CPU
		{0175FC28-6536-4F05-AD64-60BFE970FAA3}.Release|Any CPU.Build.0 = Release|Any CPU
		{F4153D9F-9A90-42CA-A6F8-5067E407706F}.Debug|Any CPU.ActiveCfg = Debug|Any CPU
		{F4153D9F-9A90-42CA-A6F8-5067E407706F}.Debug|Any CPU.Build.0 = Debug|Any CPU
		{F4153D9F-9A90-42CA-A6F8-5067E407706F}.Release|Any CPU.ActiveCfg = Release|Any CPU
		{F4153D9F-9A90-42CA-A6F8-5067E407706F}.Release|Any CPU.Build.0 = Release|Any CPU
		{A418E951-E7AE-445A-A8B6-12C69A543DC2}.Debug|Any CPU.ActiveCfg = Debug|Any CPU
		{A418E951-E7AE-445A-A8B6-12C69A543DC2}.Debug|Any CPU.Build.0 = Debug|Any CPU
		{A418E951-E7AE-445A-A8B6-12C69A543DC2}.Release|Any CPU.ActiveCfg = Release|Any CPU
		{A418E951-E7AE-445A-A8B6-12C69A543DC2}.Release|Any CPU.Build.0 = Release|Any CPU
		{5419FEDA-C149-4582-B901-C3FE96FBD912}.Debug|Any CPU.ActiveCfg = Debug|Any CPU
		{5419FEDA-C149-4582-B901-C3FE96FBD912}.Debug|Any CPU.Build.0 = Debug|Any CPU
		{5419FEDA-C149-4582-B901-C3FE96FBD912}.Release|Any CPU.ActiveCfg = Release|Any CPU
		{5419FEDA-C149-4582-B901-C3FE96FBD912}.Release|Any CPU.Build.0 = Release|Any CPU
	EndGlobalSection
	GlobalSection(SolutionProperties) = preSolution
		HideSolutionNode = FALSE
	EndGlobalSection
	GlobalSection(ExtensibilityGlobals) = postSolution
		SolutionGuid = {2CF17B45-4BFE-455A-9B1E-4E0FC71D0CCD}
	EndGlobalSection
EndGlobal
