
Microsoft Visual Studio Solution File, Format Version 12.00
# Visual Studio Version 17
VisualStudioVersion = 17.1.32328.378
MinimumVisualStudioVersion = 10.0.40219.1
Project("{9A19103F-16F7-4668-BE54-9A1E7A4F7556}") = "LibraryApp.Runner", "LibraryApp.Runner.csproj", "{B3488E83-3114-4F49-96DD-12B47AFADAF6}"
EndProject
Project("{FAE04EC0-301F-11D3-BF4B-00C04F79EFBC}") = "LibraryApp.UI", "..\LibraryApp.UI\LibraryApp.UI.csproj", "{E13C4799-AF3D-496E-8CE9-3AFD5F87814E}"
EndProject
Global
	GlobalSection(SolutionConfigurationPlatforms) = preSolution
		Debug|Any CPU = Debug|Any CPU
		Release|Any CPU = Release|Any CPU
	EndGlobalSection
	GlobalSection(ProjectConfigurationPlatforms) = postSolution
		{B3488E83-3114-4F49-96DD-12B47AFADAF6}.Debug|Any CPU.ActiveCfg = Debug|Any CPU
		{B3488E83-3114-4F49-96DD-12B47AFADAF6}.Debug|Any CPU.Build.0 = Debug|Any CPU
		{B3488E83-3114-4F49-96DD-12B47AFADAF6}.Release|Any CPU.ActiveCfg = Release|Any CPU
		{B3488E83-3114-4F49-96DD-12B47AFADAF6}.Release|Any CPU.Build.0 = Release|Any CPU
		{E13C4799-AF3D-496E-8CE9-3AFD5F87814E}.Debug|Any CPU.ActiveCfg = Debug|Any CPU
		{E13C4799-AF3D-496E-8CE9-3AFD5F87814E}.Debug|Any CPU.Build.0 = Debug|Any CPU
		{E13C4799-AF3D-496E-8CE9-3AFD5F87814E}.Release|Any CPU.ActiveCfg = Release|Any CPU
		{E13C4799-AF3D-496E-8CE9-3AFD5F87814E}.Release|Any CPU.Build.0 = Release|Any CPU
	EndGlobalSection
	GlobalSection(SolutionProperties) = preSolution
		HideSolutionNode = FALSE
	EndGlobalSection
	GlobalSection(ExtensibilityGlobals) = postSolution
		SolutionGuid = {A955410A-B4A2-4F74-B71E-1E8F6C16B0D0}
	EndGlobalSection
EndGlobal
