
Microsoft Visual Studio Solution File, Format Version 12.00
# Visual Studio Version 17
VisualStudioVersion = 17.1.32407.343
MinimumVisualStudioVersion = 10.0.40219.1
Project("{9A19103F-16F7-4668-BE54-9A1E7A4F7556}") = "ConsoleComputerStore", "ConsoleComputerStore\ConsoleComputerStore.csproj", "{C6740640-4D17-4181-8117-E82EA085B6BF}"
EndProject
Project("{FAE04EC0-301F-11D3-BF4B-00C04F79EFBC}") = "ComputerStore.UI", "ComputerStore.UI\ComputerStore.UI.csproj", "{9DA658EA-4F0D-4D25-B7D3-209DF9B9E677}"
EndProject
Global
	GlobalSection(SolutionConfigurationPlatforms) = preSolution
		Debug|Any CPU = Debug|Any CPU
		Release|Any CPU = Release|Any CPU
	EndGlobalSection
	GlobalSection(ProjectConfigurationPlatforms) = postSolution
		{C6740640-4D17-4181-8117-E82EA085B6BF}.Debug|Any CPU.ActiveCfg = Debug|Any CPU
		{C6740640-4D17-4181-8117-E82EA085B6BF}.Debug|Any CPU.Build.0 = Debug|Any CPU
		{C6740640-4D17-4181-8117-E82EA085B6BF}.Release|Any CPU.ActiveCfg = Release|Any CPU
		{C6740640-4D17-4181-8117-E82EA085B6BF}.Release|Any CPU.Build.0 = Release|Any CPU
		{9DA658EA-4F0D-4D25-B7D3-209DF9B9E677}.Debug|Any CPU.ActiveCfg = Debug|Any CPU
		{9DA658EA-4F0D-4D25-B7D3-209DF9B9E677}.Debug|Any CPU.Build.0 = Debug|Any CPU
		{9DA658EA-4F0D-4D25-B7D3-209DF9B9E677}.Release|Any CPU.ActiveCfg = Release|Any CPU
		{9DA658EA-4F0D-4D25-B7D3-209DF9B9E677}.Release|Any CPU.Build.0 = Release|Any CPU
	EndGlobalSection
	GlobalSection(SolutionProperties) = preSolution
		HideSolutionNode = FALSE
	EndGlobalSection
	GlobalSection(ExtensibilityGlobals) = postSolution
		SolutionGuid = {E0B1A421-DBCA-4C80-B5EE-D6532CFCAE00}
	EndGlobalSection
EndGlobal
