
Microsoft Visual Studio Solution File, Format Version 12.00
# Visual Studio Version 17
VisualStudioVersion = 17.1.32407.343
MinimumVisualStudioVersion = 10.0.40219.1
Project("{FAE04EC0-301F-11D3-BF4B-00C04F79EFBC}") = "ConsoleComputerStore", "ConsoleComputerStore\ConsoleComputerStore.csproj", "{C6740640-4D17-4181-8117-E82EA085B6BF}"
EndProject
Global
	GlobalSection(SolutionConfigurationPlatforms) = preSolution
		Debug|Any CPU = Debug|Any CPU
		Release|Any CPU = Release|Any CPU
	EndGlobalSection
	GlobalSection(ProjectConfigurationPlatforms) = postSolution
		{C6740640-4D17-4181-8117-E82EA085B6BF}.Debug|Any CPU.ActiveCfg = Debug|Any CPU
		{C6740640-4D17-4181-8117-E82EA085B6BF}.Debug|Any CPU.Build.0 = Debug|Any CPU
		{C6740640-4D17-4181-8117-E82EA085B6BF}.Release|Any CPU.ActiveCfg = Release|Any CPU
		{C6740640-4D17-4181-8117-E82EA085B6BF}.Release|Any CPU.Build.0 = Release|Any CPU
	EndGlobalSection
	GlobalSection(SolutionProperties) = preSolution
		HideSolutionNode = FALSE
	EndGlobalSection
	GlobalSection(ExtensibilityGlobals) = postSolution
		SolutionGuid = {E0B1A421-DBCA-4C80-B5EE-D6532CFCAE00}
	EndGlobalSection
EndGlobal
